
Microsoft Visual Studio Solution File, Format Version 12.00
# Visual Studio Version 17
VisualStudioVersion = 17.8.34511.84
MinimumVisualStudioVersion = 10.0.40219.1
Project("{9A19103F-16F7-4668-BE54-9A1E7A4F7556}") = "Minutes", "Minutes\Minutes.csproj", "{1C650548-4AE1-4D71-AB1F-B025A8427713}"
EndProject
Project("{9A19103F-16F7-4668-BE54-9A1E7A4F7556}") = "Storage", "Storage\Storage.csproj", "{8DC74F45-E20E-4B8D-A46C-715C0235AF19}"
EndProject
Global
	GlobalSection(SolutionConfigurationPlatforms) = preSolution
		Debug|Any CPU = Debug|Any CPU
		Release|Any CPU = Release|Any CPU
	EndGlobalSection
	GlobalSection(ProjectConfigurationPlatforms) = postSolution
		{1C650548-4AE1-4D71-AB1F-B025A8427713}.Debug|Any CPU.ActiveCfg = Debug|Any CPU
		{1C650548-4AE1-4D71-AB1F-B025A8427713}.Debug|Any CPU.Build.0 = Debug|Any CPU
		{1C650548-4AE1-4D71-AB1F-B025A8427713}.Release|Any CPU.ActiveCfg = Release|Any CPU
		{1C650548-4AE1-4D71-AB1F-B025A8427713}.Release|Any CPU.Build.0 = Release|Any CPU
		{8DC74F45-E20E-4B8D-A46C-715C0235AF19}.Debug|Any CPU.ActiveCfg = Debug|Any CPU
		{8DC74F45-E20E-4B8D-A46C-715C0235AF19}.Debug|Any CPU.Build.0 = Debug|Any CPU
		{8DC74F45-E20E-4B8D-A46C-715C0235AF19}.Release|Any CPU.ActiveCfg = Release|Any CPU
		{8DC74F45-E20E-4B8D-A46C-715C0235AF19}.Release|Any CPU.Build.0 = Release|Any CPU
	EndGlobalSection
	GlobalSection(SolutionProperties) = preSolution
		HideSolutionNode = FALSE
	EndGlobalSection
	GlobalSection(ExtensibilityGlobals) = postSolution
		SolutionGuid = {5C0E435F-17AB-4E26-AC0D-FE7CD147E868}
	EndGlobalSection
EndGlobal
